
Microsoft Visual Studio Solution File, Format Version 12.00
# Visual Studio Version 17
VisualStudioVersion = 17.10.35027.167
MinimumVisualStudioVersion = 10.0.40219.1
Project("{FAE04EC0-301F-11D3-BF4B-00C04F79EFBC}") = "StardewGroupProject", "StardewGroupProject\StardewGroupProject.csproj", "{1E365EC1-1D13-4818-B85A-E43A8DEB2202}"
EndProject
Global
	GlobalSection(SolutionConfigurationPlatforms) = preSolution
		Debug|Any CPU = Debug|Any CPU
		Release|Any CPU = Release|Any CPU
	EndGlobalSection
	GlobalSection(ProjectConfigurationPlatforms) = postSolution
		{1E365EC1-1D13-4818-B85A-E43A8DEB2202}.Debug|Any CPU.ActiveCfg = Debug|Any CPU
		{1E365EC1-1D13-4818-B85A-E43A8DEB2202}.Debug|Any CPU.Build.0 = Debug|Any CPU
		{1E365EC1-1D13-4818-B85A-E43A8DEB2202}.Release|Any CPU.ActiveCfg = Release|Any CPU
		{1E365EC1-1D13-4818-B85A-E43A8DEB2202}.Release|Any CPU.Build.0 = Release|Any CPU
	EndGlobalSection
	GlobalSection(SolutionProperties) = preSolution
		HideSolutionNode = FALSE
	EndGlobalSection
	GlobalSection(ExtensibilityGlobals) = postSolution
		SolutionGuid = {00E3551B-E308-4098-8612-CFB8C63AF6D2}
	EndGlobalSection
EndGlobal
